
Microsoft Visual Studio Solution File, Format Version 12.00
# Visual Studio Version 17
VisualStudioVersion = 17.6.33815.320
MinimumVisualStudioVersion = 10.0.40219.1
Project("{FAE04EC0-301F-11D3-BF4B-00C04F79EFBC}") = "AIDIALabs.Security.Crypto", "AIDIALabs.Security.Crypto.csproj", "{D78828A7-7522-4535-9EFD-577EC0D0B44B}"
EndProject
Global
	GlobalSection(SolutionConfigurationPlatforms) = preSolution
		Debug|Any CPU = Debug|Any CPU
		Release|Any CPU = Release|Any CPU
	EndGlobalSection
	GlobalSection(ProjectConfigurationPlatforms) = postSolution
		{D78828A7-7522-4535-9EFD-577EC0D0B44B}.Debug|Any CPU.ActiveCfg = Debug|Any CPU
		{D78828A7-7522-4535-9EFD-577EC0D0B44B}.Debug|Any CPU.Build.0 = Debug|Any CPU
		{D78828A7-7522-4535-9EFD-577EC0D0B44B}.Release|Any CPU.ActiveCfg = Release|Any CPU
		{D78828A7-7522-4535-9EFD-577EC0D0B44B}.Release|Any CPU.Build.0 = Release|Any CPU
	EndGlobalSection
	GlobalSection(SolutionProperties) = preSolution
		HideSolutionNode = FALSE
	EndGlobalSection
	GlobalSection(ExtensibilityGlobals) = postSolution
		SolutionGuid = {437D9193-E879-4620-A32C-685931BCD604}
	EndGlobalSection
EndGlobal
