
Microsoft Visual Studio Solution File, Format Version 12.00
# Visual Studio Version 17
VisualStudioVersion = 17.6.33815.320
MinimumVisualStudioVersion = 10.0.40219.1
Project("{FAE04EC0-301F-11D3-BF4B-00C04F79EFBC}") = "AIDIALabs.Security.Crypto", "AIDIALabs.Security.Crypto.csproj", "{2DF8FFA1-3B17-4C30-9D5D-CEDB6AEBA543}"
EndProject
Global
	GlobalSection(SolutionConfigurationPlatforms) = preSolution
		Debug|Any CPU = Debug|Any CPU
		Release|Any CPU = Release|Any CPU
	EndGlobalSection
	GlobalSection(ProjectConfigurationPlatforms) = postSolution
		{2DF8FFA1-3B17-4C30-9D5D-CEDB6AEBA543}.Debug|Any CPU.ActiveCfg = Debug|Any CPU
		{2DF8FFA1-3B17-4C30-9D5D-CEDB6AEBA543}.Debug|Any CPU.Build.0 = Debug|Any CPU
		{2DF8FFA1-3B17-4C30-9D5D-CEDB6AEBA543}.Release|Any CPU.ActiveCfg = Release|Any CPU
		{2DF8FFA1-3B17-4C30-9D5D-CEDB6AEBA543}.Release|Any CPU.Build.0 = Release|Any CPU
	EndGlobalSection
	GlobalSection(SolutionProperties) = preSolution
		HideSolutionNode = FALSE
	EndGlobalSection
	GlobalSection(ExtensibilityGlobals) = postSolution
		SolutionGuid = {E5D33B6F-79A4-4297-859C-A5C10E27FAE5}
	EndGlobalSection
EndGlobal
